Microsoft Visual Studio Solution File, Format Version 12.00
# Visual Studio Version 16
VisualStudioVersion = 16.0.29509.3
MinimumVisualStudioVersion = 10.0.40219.1
Project("{9A19103F-16F7-4668-BE54-9A1E7A4F7556}") = "ScoreboardApiLib", "ScoreboardApiLib\ScoreboardApiLib.csproj", "{3DF52F05-971F-41FA-829C-7B2C4831C843}"
EndProject
Project("{9A19103F-16F7-4668-BE54-9A1E7A4F7556}") = "TPConnector", "TPConnector\TPConnector.csproj", "{A65E13F4-D42C-458A-9D70-0429E94B4927}"
EndProject
Global
	GlobalSection(SolutionConfigurationPlatforms) = preSolution
		Debug|Any CPU = Debug|Any CPU
		Debug|x86 = Debug|x86
		DebugFI|Any CPU = DebugFI|Any CPU
		DebugFI|x86 = DebugFI|x86
		DebugProddatabase|Any CPU = DebugProddatabase|Any CPU
		DebugProddatabase|x86 = DebugProddatabase|x86
		Release|Any CPU = Release|Any CPU
		Release|x86 = Release|x86
	EndGlobalSection
	GlobalSection(ProjectConfigurationPlatforms) = postSolution
		{3DF52F05-971F-41FA-829C-7B2C4831C843}.Debug|Any CPU.ActiveCfg = Debug|Any CPU
		{3DF52F05-971F-41FA-829C-7B2C4831C843}.Debug|Any CPU.Build.0 = Debug|Any CPU
		{3DF52F05-971F-41FA-829C-7B2C4831C843}.Debug|x86.ActiveCfg = Debug|Any CPU
		{3DF52F05-971F-41FA-829C-7B2C4831C843}.Debug|x86.Build.0 = Debug|Any CPU
		{3DF52F05-971F-41FA-829C-7B2C4831C843}.DebugFI|Any CPU.ActiveCfg = Debug|Any CPU
		{3DF52F05-971F-41FA-829C-7B2C4831C843}.DebugFI|Any CPU.Build.0 = Debug|Any CPU
		{3DF52F05-971F-41FA-829C-7B2C4831C843}.DebugFI|x86.ActiveCfg = Debug|Any CPU
		{3DF52F05-971F-41FA-829C-7B2C4831C843}.DebugFI|x86.Build.0 = Debug|Any CPU
		{3DF52F05-971F-41FA-829C-7B2C4831C843}.DebugProddatabase|Any CPU.ActiveCfg = Debug|Any CPU
		{3DF52F05-971F-41FA-829C-7B2C4831C843}.DebugProddatabase|Any CPU.Build.0 = Debug|Any CPU
		{3DF52F05-971F-41FA-829C-7B2C4831C843}.DebugProddatabase|x86.ActiveCfg = Debug|Any CPU
		{3DF52F05-971F-41FA-829C-7B2C4831C843}.DebugProddatabase|x86.Build.0 = Debug|Any CPU
		{3DF52F05-971F-41FA-829C-7B2C4831C843}.Release|Any CPU.ActiveCfg = Release|Any CPU
		{3DF52F05-971F-41FA-829C-7B2C4831C843}.Release|Any CPU.Build.0 = Release|Any CPU
		{3DF52F05-971F-41FA-829C-7B2C4831C843}.Release|x86.ActiveCfg = Release|Any CPU
		{3DF52F05-971F-41FA-829C-7B2C4831C843}.Release|x86.Build.0 = Release|Any CPU
		{A65E13F4-D42C-458A-9D70-0429E94B4927}.Debug|Any CPU.ActiveCfg = Debug|Any CPU
		{A65E13F4-D42C-458A-9D70-0429E94B4927}.Debug|Any CPU.Build.0 = Debug|Any CPU
		{A65E13F4-D42C-458A-9D70-0429E94B4927}.Debug|x86.ActiveCfg = Debug|Any CPU
		{A65E13F4-D42C-458A-9D70-0429E94B4927}.Debug|x86.Build.0 = Debug|Any CPU
		{A65E13F4-D42C-458A-9D70-0429E94B4927}.DebugFI|Any CPU.ActiveCfg = DebugFI|Any CPU
		{A65E13F4-D42C-458A-9D70-0429E94B4927}.DebugFI|Any CPU.Build.0 = DebugFI|Any CPU
		{A65E13F4-D42C-458A-9D70-0429E94B4927}.DebugFI|x86.ActiveCfg = DebugFI|Any CPU
		{A65E13F4-D42C-458A-9D70-0429E94B4927}.DebugFI|x86.Build.0 = DebugFI|Any CPU
		{A65E13F4-D42C-458A-9D70-0429E94B4927}.DebugProddatabase|Any CPU.ActiveCfg = Debug|Any CPU
		{A65E13F4-D42C-458A-9D70-0429E94B4927}.DebugProddatabase|Any CPU.Build.0 = Debug|Any CPU
		{A65E13F4-D42C-458A-9D70-0429E94B4927}.DebugProddatabase|x86.ActiveCfg = Debug|Any CPU
		{A65E13F4-D42C-458A-9D70-0429E94B4927}.DebugProddatabase|x86.Build.0 = Debug|Any CPU
		{A65E13F4-D42C-458A-9D70-0429E94B4927}.Release|Any CPU.ActiveCfg = Release|Any CPU
		{A65E13F4-D42C-458A-9D70-0429E94B4927}.Release|Any CPU.Build.0 = Release|Any CPU
		{A65E13F4-D42C-458A-9D70-0429E94B4927}.Release|x86.ActiveCfg = Release|Any CPU
		{A65E13F4-D42C-458A-9D70-0429E94B4927}.Release|x86.Build.0 = Release|Any CPU
	EndGlobalSection
	GlobalSection(SolutionProperties) = preSolution
		HideSolutionNode = FALSE
	EndGlobalSection
	GlobalSection(ExtensibilityGlobals) = postSolution
		SolutionGuid = {92BC4EE7-8302-47B1-B7F7-D54664730063}
	EndGlobalSection
EndGlobal
